# This file is autogenerated, do not edit; changes may be undone by the next 'dep ensure'.


[[projects]]
  name = "github.com/gizak/termui"
  packages = ["v3","v3/drawille","v3/widgets"]
  revision = "4cca61d83fa2cc0f485c478ff768b0108f6591d6"
  version = "v3.1.0"

[[projects]]
  name = "github.com/mattn/go-runewidth"
  packages = ["."]
  revision = "3ee7d812e62a0804a7d0a324e0249ca2db3476d3"
  version = "v0.0.4"

[[projects]]
  name = "github.com/mitchellh/go-wordwrap"
  packages = ["."]
  revision = "9e67c67572bc5dd02aef930e2b0ae3c02a4b5a5c"
  version = "v1.0.0"

[[projects]]
  branch = "master"
  name = "github.com/nsf/termbox-go"
  packages = ["."]
  revision = "93860e16131719fa9722e7c448dbf8c0e3210a0d"

[[projects]]
  name = "github.com/shirou/gopsutil"
  packages = ["."]
  revision = "d80c43f9c984a48783daf22f4bd9278006ae483a"
  version = "v2.19.7"

[solve-meta]
  analyzer-name = "dep"
  analyzer-version = 1
  inputs-digest = "1fa53f2b9af8940e06a7141ac30019f466665e817443994971887c873d864e16"
  solver-name = "gps-cdcl"
  solver-version = 1
